
Microsoft Visual Studio Solution File, Format Version 12.00
# Visual Studio Version 16
VisualStudioVersion = 16.0.31205.134
MinimumVisualStudioVersion = 10.0.40219.1
Project("{FAE04EC0-301F-11D3-BF4B-00C04F79EFBC}") = "LastCharcterOfSentence", "LastCharcterOfSentence\LastCharcterOfSentence.csproj", "{6AD219BE-5997-4A00-ADE7-08C158E2C910}"
EndProject
Project("{FAE04EC0-301F-11D3-BF4B-00C04F79EFBC}") = "TwoPasswords", "TwoPasswords\TwoPasswords.csproj", "{25A0B89E-DB6C-4A25-9D61-3BD0D1408D54}"
EndProject
Project("{FAE04EC0-301F-11D3-BF4B-00C04F79EFBC}") = "Year", "Year\Year.csproj", "{5E3F9332-DE06-41D5-B1CA-7A645365E2FC}"
EndProject
Global
	GlobalSection(SolutionConfigurationPlatforms) = preSolution
		Debug|Any CPU = Debug|Any CPU
		Release|Any CPU = Release|Any CPU
	EndGlobalSection
	GlobalSection(ProjectConfigurationPlatforms) = postSolution
		{6AD219BE-5997-4A00-ADE7-08C158E2C910}.Debug|Any CPU.ActiveCfg = Debug|Any CPU
		{6AD219BE-5997-4A00-ADE7-08C158E2C910}.Debug|Any CPU.Build.0 = Debug|Any CPU
		{6AD219BE-5997-4A00-ADE7-08C158E2C910}.Release|Any CPU.ActiveCfg = Release|Any CPU
		{6AD219BE-5997-4A00-ADE7-08C158E2C910}.Release|Any CPU.Build.0 = Release|Any CPU
		{25A0B89E-DB6C-4A25-9D61-3BD0D1408D54}.Debug|Any CPU.ActiveCfg = Debug|Any CPU
		{25A0B89E-DB6C-4A25-9D61-3BD0D1408D54}.Debug|Any CPU.Build.0 = Debug|Any CPU
		{25A0B89E-DB6C-4A25-9D61-3BD0D1408D54}.Release|Any CPU.ActiveCfg = Release|Any CPU
		{25A0B89E-DB6C-4A25-9D61-3BD0D1408D54}.Release|Any CPU.Build.0 = Release|Any CPU
		{5E3F9332-DE06-41D5-B1CA-7A645365E2FC}.Debug|Any CPU.ActiveCfg = Debug|Any CPU
		{5E3F9332-DE06-41D5-B1CA-7A645365E2FC}.Debug|Any CPU.Build.0 = Debug|Any CPU
		{5E3F9332-DE06-41D5-B1CA-7A645365E2FC}.Release|Any CPU.ActiveCfg = Release|Any CPU
		{5E3F9332-DE06-41D5-B1CA-7A645365E2FC}.Release|Any CPU.Build.0 = Release|Any CPU
	EndGlobalSection
	GlobalSection(SolutionProperties) = preSolution
		HideSolutionNode = FALSE
	EndGlobalSection
	GlobalSection(ExtensibilityGlobals) = postSolution
		SolutionGuid = {3D5BDD97-7C7B-44C8-88E4-85B75E09E267}
	EndGlobalSection
EndGlobal
